// !$*UTF8*$!
{
	archiveVersion = 1;
	classes = {
	};
	objectVersion = 50;
	objects = {

/* Begin PBXBuildFile section */
		64772C1524AEAE9100EF0388 /* TodoHomeTableViewController.swift in Sources */ = {isa = PBXBuildFile; fileRef = 64772C1424AEAE9100EF0388 /* TodoHomeTableViewController.swift */; };
		64772C1824AFDB4500EF0388 /* OnboardingCollectionViewController.swift in Sources */ = {isa = PBXBuildFile; fileRef = 64772C1724AFDB4500EF0388 /* OnboardingCollectionViewController.swift */; };
		64772C1A24AFDB9800EF0388 /* OnboardingCollectionViewCell.swift in Sources */ = {isa = PBXBuildFile; fileRef = 64772C1924AFDB9800EF0388 /* OnboardingCollectionViewCell.swift */; };
		64772C1D24AFDC0800EF0388 /* OnBoardingModel.swift in Sources */ = {isa = PBXBuildFile; fileRef = 64772C1C24AFDC0800EF0388 /* OnBoardingModel.swift */; };
		64772C1F24AFDC2D00EF0388 /* OnBoardingModelFactory.swift in Sources */ = {isa = PBXBuildFile; fileRef = 64772C1E24AFDC2D00EF0388 /* OnBoardingModelFactory.swift */; };
		64772C2724B0EE0200EF0388 /* Todo.swift in Sources */ = {isa = PBXBuildFile; fileRef = 64772C2624B0EE0200EF0388 /* Todo.swift */; };
		64772C2924B119D100EF0388 /* TodoTableViewCell.swift in Sources */ = {isa = PBXBuildFile; fileRef = 64772C2824B119D100EF0388 /* TodoTableViewCell.swift */; };
		64B55D80249D7E4500095B87 /* AppDelegate.swift in Sources */ = {isa = PBXBuildFile; fileRef = 64B55D7F249D7E4500095B87 /* AppDelegate.swift */; };
		64B55D82249D7E4500095B87 /* SceneDelegate.swift in Sources */ = {isa = PBXBuildFile; fileRef = 64B55D81249D7E4500095B87 /* SceneDelegate.swift */; };
		64B55D84249D7E4500095B87 /* ViewController.swift in Sources */ = {isa = PBXBuildFile; fileRef = 64B55D83249D7E4500095B87 /* ViewController.swift */; };
		64B55D87249D7E4500095B87 /* Main.storyboard in Resources */ = {isa = PBXBuildFile; fileRef = 64B55D85249D7E4500095B87 /* Main.storyboard */; };
		64B55D89249D7E4700095B87 /* Assets.xcassets in Resources */ = {isa = PBXBuildFile; fileRef = 64B55D88249D7E4700095B87 /* Assets.xcassets */; };
		64B55D8C249D7E4700095B87 /* LaunchScreen.storyboard in Resources */ = {isa = PBXBuildFile; fileRef = 64B55D8A249D7E4700095B87 /* LaunchScreen.storyboard */; };
		64C3B6F2249E4384004783D9 /* HomeViewController.swift in Sources */ = {isa = PBXBuildFile; fileRef = 64C3B6F0249E4384004783D9 /* HomeViewController.swift */; };
		64C3B6F3249E4384004783D9 /* HomeViewController.xib in Resources */ = {isa = PBXBuildFile; fileRef = 64C3B6F1249E4384004783D9 /* HomeViewController.xib */; };
		64C3B6F5249E4DC0004783D9 /* Home.storyboard in Resources */ = {isa = PBXBuildFile; fileRef = 64C3B6F4249E4DC0004783D9 /* Home.storyboard */; };
/* End PBXBuildFile section */

/* Begin PBXFileReference section */
		64772C1424AEAE9100EF0388 /* TodoHomeTableViewController.swift */ = {isa = PBXFileReference; lastKnownFileType = sourcecode.swift; path = TodoHomeTableViewController.swift; sourceTree = "<group>"; };
		64772C1724AFDB4500EF0388 /* OnboardingCollectionViewController.swift */ = {isa = PBXFileReference; lastKnownFileType = sourcecode.swift; path = OnboardingCollectionViewController.swift; sourceTree = "<group>"; };
		64772C1924AFDB9800EF0388 /* OnboardingCollectionViewCell.swift */ = {isa = PBXFileReference; lastKnownFileType = sourcecode.swift; path = OnboardingCollectionViewCell.swift; sourceTree = "<group>"; };
		64772C1C24AFDC0800EF0388 /* OnBoardingModel.swift */ = {isa = PBXFileReference; lastKnownFileType = sourcecode.swift; path = OnBoardingModel.swift; sourceTree = "<group>"; };
		64772C1E24AFDC2D00EF0388 /* OnBoardingModelFactory.swift */ = {isa = PBXFileReference; lastKnownFileType = sourcecode.swift; path = OnBoardingModelFactory.swift; sourceTree = "<group>"; };
		64772C2624B0EE0200EF0388 /* Todo.swift */ = {isa = PBXFileReference; lastKnownFileType = sourcecode.swift; path = Todo.swift; sourceTree = "<group>"; };
		64772C2824B119D100EF0388 /* TodoTableViewCell.swift */ = {isa = PBXFileReference; lastKnownFileType = sourcecode.swift; path = TodoTableViewCell.swift; sourceTree = "<group>"; };
		64B55D7C249D7E4500095B87 /* login_app.app */ = {isa = PBXFileReference; explicitFileType = wrapper.application; includeInIndex = 0; path = login_app.app; sourceTree = BUILT_PRODUCTS_DIR; };
		64B55D7F249D7E4500095B87 /* AppDelegate.swift */ = {isa = PBXFileReference; lastKnownFileType = sourcecode.swift; path = AppDelegate.swift; sourceTree = "<group>"; };
		64B55D81249D7E4500095B87 /* SceneDelegate.swift */ = {isa = PBXFileReference; lastKnownFileType = sourcecode.swift; path = SceneDelegate.swift; sourceTree = "<group>"; };
		64B55D83249D7E4500095B87 /* ViewController.swift */ = {isa = PBXFileReference; lastKnownFileType = sourcecode.swift; path = ViewController.swift; sourceTree = "<group>"; };
		64B55D86249D7E4500095B87 /* Base */ = {isa = PBXFileReference; lastKnownFileType = file.storyboard; name = Base; path = Base.lproj/Main.storyboard; sourceTree = "<group>"; };
		64B55D88249D7E4700095B87 /* Assets.xcassets */ = {isa = PBXFileReference; lastKnownFileType = folder.assetcatalog; path = Assets.xcassets; sourceTree = "<group>"; };
		64B55D8B249D7E4700095B87 /* Base */ = {isa = PBXFileReference; lastKnownFileType = file.storyboard; name = Base; path = Base.lproj/LaunchScreen.storyboard; sourceTree = "<group>"; };
		64B55D8D249D7E4700095B87 /* Info.plist */ = {isa = PBXFileReference; lastKnownFileType = text.plist.xml; path = Info.plist; sourceTree = "<group>"; };
		64C3B6F0249E4384004783D9 /* HomeViewController.swift */ = {isa = PBXFileReference; lastKnownFileType = sourcecode.swift; path = HomeViewController.swift; sourceTree = "<group>"; };
		64C3B6F1249E4384004783D9 /* HomeViewController.xib */ = {isa = PBXFileReference; lastKnownFileType = file.xib; path = HomeViewController.xib; sourceTree = "<group>"; };
		64C3B6F4249E4DC0004783D9 /* Home.storyboard */ = {isa = PBXFileReference; lastKnownFileType = file.storyboard; path = Home.storyboard; sourceTree = "<group>"; };
/* End PBXFileReference section */

/* Begin PBXFrameworksBuildPhase section */
		64B55D79249D7E4500095B87 /* Frameworks */ = {
			isa = PBXFrameworksBuildPhase;
			buildActionMask = 2147483647;
			files = (
			);
			runOnlyForDeploymentPostprocessing = 0;
		};
/* End PBXFrameworksBuildPhase section */

/* Begin PBXGroup section */
		64772C1B24AFDBF500EF0388 /* Model */ = {
			isa = PBXGroup;
			children = (
				64772C1C24AFDC0800EF0388 /* OnBoardingModel.swift */,
				64772C1E24AFDC2D00EF0388 /* OnBoardingModelFactory.swift */,
				64772C2624B0EE0200EF0388 /* Todo.swift */,
			);
			path = Model;
			sourceTree = "<group>";
		};
		64B55D73249D7E4500095B87 = {
			isa = PBXGroup;
			children = (
				64B55D7E249D7E4500095B87 /* login_app */,
				64B55D7D249D7E4500095B87 /* Products */,
			);
			sourceTree = "<group>";
		};
		64B55D7D249D7E4500095B87 /* Products */ = {
			isa = PBXGroup;
			children = (
				64B55D7C249D7E4500095B87 /* login_app.app */,
			);
			name = Products;
			sourceTree = "<group>";
		};
		64B55D7E249D7E4500095B87 /* login_app */ = {
			isa = PBXGroup;
			children = (
				64C3B6F6249E9DB7004783D9 /* Features */,
				64B55D7F249D7E4500095B87 /* AppDelegate.swift */,
				64B55D81249D7E4500095B87 /* SceneDelegate.swift */,
				64B55D88249D7E4700095B87 /* Assets.xcassets */,
				64B55D8D249D7E4700095B87 /* Info.plist */,
			);
			path = login_app;
			sourceTree = "<group>";
		};
		64C3B6F6249E9DB7004783D9 /* Features */ = {
			isa = PBXGroup;
			children = (
				64C3B6F7249E9DBD004783D9 /* Authentication */,
			);
			path = Features;
			sourceTree = "<group>";
		};
		64C3B6F7249E9DBD004783D9 /* Authentication */ = {
			isa = PBXGroup;
			children = (
				64772C1B24AFDBF500EF0388 /* Model */,
				64C3B6F9249E9DD5004783D9 /* Controller */,
				64C3B6F8249E9DC9004783D9 /* View */,
			);
			path = Authentication;
			sourceTree = "<group>";
		};
		64C3B6F8249E9DC9004783D9 /* View */ = {
			isa = PBXGroup;
			children = (
				64B55D85249D7E4500095B87 /* Main.storyboard */,
				64B55D8A249D7E4700095B87 /* LaunchScreen.storyboard */,
				64C3B6F1249E4384004783D9 /* HomeViewController.xib */,
				64C3B6F4249E4DC0004783D9 /* Home.storyboard */,
			);
			path = View;
			sourceTree = "<group>";
		};
		64C3B6F9249E9DD5004783D9 /* Controller */ = {
			isa = PBXGroup;
			children = (
				64772C1724AFDB4500EF0388 /* OnboardingCollectionViewController.swift */,
				64772C1924AFDB9800EF0388 /* OnboardingCollectionViewCell.swift */,
				64772C2824B119D100EF0388 /* TodoTableViewCell.swift */,
				64B55D83249D7E4500095B87 /* ViewController.swift */,
				64772C1424AEAE9100EF0388 /* TodoHomeTableViewController.swift */,
				64C3B6F0249E4384004783D9 /* HomeViewController.swift */,
			);
			path = Controller;
			sourceTree = "<group>";
		};
/* End PBXGroup section */

/* Begin PBXNativeTarget section */
		64B55D7B249D7E4500095B87 /* login_app */ = {
			isa = PBXNativeTarget;
			buildConfigurationList = 64B55D90249D7E4700095B87 /* Build configuration list for PBXNativeTarget "login_app" */;
			buildPhases = (
				64B55D78249D7E4500095B87 /* Sources */,
				64B55D79249D7E4500095B87 /* Frameworks */,
				64B55D7A249D7E4500095B87 /* Resources */,
			);
			buildRules = (
			);
			dependencies = (
			);
			name = login_app;
			productName = login_app;
			productReference = 64B55D7C249D7E4500095B87 /* login_app.app */;
			productType = "com.apple.product-type.application";
		};
/* End PBXNativeTarget section */

/* Begin PBXProject section */
		64B55D74249D7E4500095B87 /* Project object */ = {
			isa = PBXProject;
			attributes = {
				LastSwiftUpdateCheck = 1150;
				LastUpgradeCheck = 1150;
				ORGANIZATIONNAME = "Thiago Matheus";
				TargetAttributes = {
					64B55D7B249D7E4500095B87 = {
						CreatedOnToolsVersion = 11.5;
					};
				};
			};
			buildConfigurationList = 64B55D77249D7E4500095B87 /* Build configuration list for PBXProject "login_app" */;
			compatibilityVersion = "Xcode 9.3";
			developmentRegion = en;
			hasScannedForEncodings = 0;
			knownRegions = (
				en,
				Base,
			);
			mainGroup = 64B55D73249D7E4500095B87;
			productRefGroup = 64B55D7D249D7E4500095B87 /* Products */;
			projectDirPath = "";
			projectRoot = "";
			targets = (
				64B55D7B249D7E4500095B87 /* login_app */,
			);
		};
/* End PBXProject section */

/* Begin PBXResourcesBuildPhase section */
		64B55D7A249D7E4500095B87 /* Resources */ = {
			isa = PBXResourcesBuildPhase;
			buildActionMask = 2147483647;
			files = (
				64B55D8C249D7E4700095B87 /* LaunchScreen.storyboard in Resources */,
				64C3B6F5249E4DC0004783D9 /* Home.storyboard in Resources */,
				64B55D89249D7E4700095B87 /* Assets.xcassets in Resources */,
				64B55D87249D7E4500095B87 /* Main.storyboard in Resources */,
				64C3B6F3249E4384004783D9 /* HomeViewController.xib in Resources */,
			);
			runOnlyForDeploymentPostprocessing = 0;
		};
/* End PBXResourcesBuildPhase section */

/* Begin PBXSourcesBuildPhase section */
		64B55D78249D7E4500095B87 /* Sources */ = {
			isa = PBXSourcesBuildPhase;
			buildActionMask = 2147483647;
			files = (
				64772C1D24AFDC0800EF0388 /* OnBoardingModel.swift in Sources */,
				64772C1524AEAE9100EF0388 /* TodoHomeTableViewController.swift in Sources */,
				64772C1824AFDB4500EF0388 /* OnboardingCollectionViewController.swift in Sources */,
				64B55D84249D7E4500095B87 /* ViewController.swift in Sources */,
				64B55D80249D7E4500095B87 /* AppDelegate.swift in Sources */,
				64772C1F24AFDC2D00EF0388 /* OnBoardingModelFactory.swift in Sources */,
				64772C2924B119D100EF0388 /* TodoTableViewCell.swift in Sources */,
				64772C2724B0EE0200EF0388 /* Todo.swift in Sources */,
				64B55D82249D7E4500095B87 /* SceneDelegate.swift in Sources */,
				64C3B6F2249E4384004783D9 /* HomeViewController.swift in Sources */,
				64772C1A24AFDB9800EF0388 /* OnboardingCollectionViewCell.swift in Sources */,
			);
			runOnlyForDeploymentPostprocessing = 0;
		};
/* End PBXSourcesBuildPhase section */

/* Begin PBXVariantGroup section */
		64B55D85249D7E4500095B87 /* Main.storyboard */ = {
			isa = PBXVariantGroup;
			children = (
				64B55D86249D7E4500095B87 /* Base */,
			);
			name = Main.storyboard;
			sourceTree = "<group>";
		};
		64B55D8A249D7E4700095B87 /* LaunchScreen.storyboard */ = {
			isa = PBXVariantGroup;
			children = (
				64B55D8B249D7E4700095B87 /* Base */,
			);
			name = LaunchScreen.storyboard;
			sourceTree = "<group>";
		};
/* End PBXVariantGroup section */

/* Begin XCBuildConfiguration section */
		64B55D8E249D7E4700095B87 /* Debug */ = {
			isa = XCBuildConfiguration;
			buildSettings = {
				ALWAYS_SEARCH_USER_PATHS = NO;
				CLANG_ANALYZER_NONNULL = YES;
				CLANG_ANALYZER_NUMBER_OBJECT_CONVERSION = YES_AGGRESSIVE;
				CLANG_CXX_LANGUAGE_STANDARD = "gnu++14";
				CLANG_CXX_LIBRARY = "libc++";
				CLANG_ENABLE_MODULES = YES;
				CLANG_ENABLE_OBJC_ARC = YES;
				CLANG_ENABLE_OBJC_WEAK = YES;
				CLANG_WARN_BLOCK_CAPTURE_AUTORELEASING = YES;
				CLANG_WARN_BOOL_CONVERSION = YES;
				CLANG_WARN_COMMA = YES;
				CLANG_WARN_CONSTANT_CONVERSION = YES;
				CLANG_WARN_DEPRECATED_OBJC_IMPLEMENTATIONS = YES;
				CLANG_WARN_DIRECT_OBJC_ISA_USAGE = YES_ERROR;
				CLANG_WARN_DOCUMENTATION_COMMENTS = YES;
				CLANG_WARN_EMPTY_BODY = YES;
				CLANG_WARN_ENUM_CONVERSION = YES;
				CLANG_WARN_INFINITE_RECURSION = YES;
				CLANG_WARN_INT_CONVERSION = YES;
				CLANG_WARN_NON_LITERAL_NULL_CONVERSION = YES;
				CLANG_WARN_OBJC_IMPLICIT_RETAIN_SELF = YES;
				CLANG_WARN_OBJC_LITERAL_CONVERSION = YES;
				CLANG_WARN_OBJC_ROOT_CLASS = YES_ERROR;
				CLANG_WARN_RANGE_LOOP_ANALYSIS = YES;
				CLANG_WARN_STRICT_PROTOTYPES = YES;
				CLANG_WARN_SUSPICIOUS_MOVE = YES;
				CLANG_WARN_UNGUARDED_AVAILABILITY = YES_AGGRESSIVE;
				CLANG_WARN_UNREACHABLE_CODE = YES;
				CLANG_WARN__DUPLICATE_METHOD_MATCH = YES;
				COPY_PHASE_STRIP = NO;
				DEBUG_INFORMATION_FORMAT = dwarf;
				ENABLE_STRICT_OBJC_MSGSEND = YES;
				ENABLE_TESTABILITY = YES;
				GCC_C_LANGUAGE_STANDARD = gnu11;
				GCC_DYNAMIC_NO_PIC = NO;
				GCC_NO_COMMON_BLOCKS = YES;
				GCC_OPTIMIZATION_LEVEL = 0;
				GCC_PREPROCESSOR_DEFINITIONS = (
					"DEBUG=1",
					"$(inherited)",
				);
				GCC_WARN_64_TO_32_BIT_CONVERSION = YES;
				GCC_WARN_ABOUT_RETURN_TYPE = YES_ERROR;
				GCC_WARN_UNDECLARED_SELECTOR = YES;
				GCC_WARN_UNINITIALIZED_AUTOS = YES_AGGRESSIVE;
				GCC_WARN_UNUSED_FUNCTION = YES;
				GCC_WARN_UNUSED_VARIABLE = YES;
				IPHONEOS_DEPLOYMENT_TARGET = 13.5;
				MTL_ENABLE_DEBUG_INFO = INCLUDE_SOURCE;
				MTL_FAST_MATH = YES;
				ONLY_ACTIVE_ARCH = YES;
				SDKROOT = iphoneos;
				SWIFT_ACTIVE_COMPILATION_CONDITIONS = DEBUG;
				SWIFT_OPTIMIZATION_LEVEL = "-Onone";
			};
			name = Debug;
		};
		64B55D8F249D7E4700095B87 /* Release */ = {
			isa = XCBuildConfiguration;
			buildSettings = {
				ALWAYS_SEARCH_USER_PATHS = NO;
				CLANG_ANALYZER_NONNULL = YES;
				CLANG_ANALYZER_NUMBER_OBJECT_CONVERSION = YES_AGGRESSIVE;
				CLANG_CXX_LANGUAGE_STANDARD = "gnu++14";
				CLANG_CXX_LIBRARY = "libc++";
				CLANG_ENABLE_MODULES = YES;
				CLANG_ENABLE_OBJC_ARC = YES;
				CLANG_ENABLE_OBJC_WEAK = YES;
				CLANG_WARN_BLOCK_CAPTURE_AUTORELEASING = YES;
				CLANG_WARN_BOOL_CONVERSION = YES;
				CLANG_WARN_COMMA = YES;
				CLANG_WARN_CONSTANT_CONVERSION = YES;
				CLANG_WARN_DEPRECATED_OBJC_IMPLEMENTATIONS = YES;
				CLANG_WARN_DIRECT_OBJC_ISA_USAGE = YES_ERROR;
				CLANG_WARN_DOCUMENTATION_COMMENTS = YES;
				CLANG_WARN_EMPTY_BODY = YES;
				CLANG_WARN_ENUM_CONVERSION = YES;
				CLANG_WARN_INFINITE_RECURSION = YES;
				CLANG_WARN_INT_CONVERSION = YES;
				CLANG_WARN_NON_LITERAL_NULL_CONVERSION = YES;
				CLANG_WARN_OBJC_IMPLICIT_RETAIN_SELF = YES;
				CLANG_WARN_OBJC_LITERAL_CONVERSION = YES;
				CLANG_WARN_OBJC_ROOT_CLASS = YES_ERROR;
				CLANG_WARN_RANGE_LOOP_ANALYSIS = YES;
				CLANG_WARN_STRICT_PROTOTYPES = YES;
				CLANG_WARN_SUSPICIOUS_MOVE = YES;
				CLANG_WARN_UNGUARDED_AVAILABILITY = YES_AGGRESSIVE;
				CLANG_WARN_UNREACHABLE_CODE = YES;
				CLANG_WARN__DUPLICATE_METHOD_MATCH = YES;
				COPY_PHASE_STRIP = NO;
				DEBUG_INFORMATION_FORMAT = "dwarf-with-dsym";
				ENABLE_NS_ASSERTIONS = NO;
				ENABLE_STRICT_OBJC_MSGSEND = YES;
				GCC_C_LANGUAGE_STANDARD = gnu11;
				GCC_NO_COMMON_BLOCKS = YES;
				GCC_WARN_64_TO_32_BIT_CONVERSION = YES;
				GCC_WARN_ABOUT_RETURN_TYPE = YES_ERROR;
				GCC_WARN_UNDECLARED_SELECTOR = YES;
				GCC_WARN_UNINITIALIZED_AUTOS = YES_AGGRESSIVE;
				GCC_WARN_UNUSED_FUNCTION = YES;
				GCC_WARN_UNUSED_VARIABLE = YES;
				IPHONEOS_DEPLOYMENT_TARGET = 13.5;
				MTL_ENABLE_DEBUG_INFO = NO;
				MTL_FAST_MATH = YES;
				SDKROOT = iphoneos;
				SWIFT_COMPILATION_MODE = wholemodule;
				SWIFT_OPTIMIZATION_LEVEL = "-O";
				VALIDATE_PRODUCT = YES;
			};
			name = Release;
		};
		64B55D91249D7E4700095B87 /* Debug */ = {
			isa = XCBuildConfiguration;
			buildSettings = {
				ASSETCATALOG_COMPILER_APPICON_NAME = AppIcon;
				CODE_SIGN_STYLE = Automatic;
				INFOPLIST_FILE = login_app/Info.plist;
				LD_RUNPATH_SEARCH_PATHS = (
					"$(inherited)",
					"@executable_path/Frameworks",
				);
				PRODUCT_BUNDLE_IDENTIFIER = "com.thiago.login-app.login-app";
				PRODUCT_NAME = "$(TARGET_NAME)";
				SWIFT_VERSION = 5.0;
				TARGETED_DEVICE_FAMILY = "1,2";
			};
			name = Debug;
		};
		64B55D92249D7E4700095B87 /* Release */ = {
			isa = XCBuildConfiguration;
			buildSettings = {
				ASSETCATALOG_COMPILER_APPICON_NAME = AppIcon;
				CODE_SIGN_STYLE = Automatic;
				INFOPLIST_FILE = login_app/Info.plist;
				LD_RUNPATH_SEARCH_PATHS = (
					"$(inherited)",
					"@executable_path/Frameworks",
				);
				PRODUCT_BUNDLE_IDENTIFIER = "com.thiago.login-app.login-app";
				PRODUCT_NAME = "$(TARGET_NAME)";
				SWIFT_VERSION = 5.0;
				TARGETED_DEVICE_FAMILY = "1,2";
			};
			name = Release;
		};
/* End XCBuildConfiguration section */

/* Begin XCConfigurationList section */
		64B55D77249D7E4500095B87 /* Build configuration list for PBXProject "login_app" */ = {
			isa = XCConfigurationList;
			buildConfigurations = (
				64B55D8E249D7E4700095B87 /* Debug */,
				64B55D8F249D7E4700095B87 /* Release */,
			);
			defaultConfigurationIsVisible = 0;
			defaultConfigurationName = Release;
		};
		64B55D90249D7E4700095B87 /* Build configuration list for PBXNativeTarget "login_app" */ = {
			isa = XCConfigurationList;
			buildConfigurations = (
				64B55D91249D7E4700095B87 /* Debug */,
				64B55D92249D7E4700095B87 /* Release */,
			);
			defaultConfigurationIsVisible = 0;
			defaultConfigurationName = Release;
		};
/* End XCConfigurationList section */
	};
	rootObject = 64B55D74249D7E4500095B87 /* Project object */;
}
